
Microsoft Visual Studio Solution File, Format Version 12.00
# Visual Studio Version 16
VisualStudioVersion = 16.0.30204.135
MinimumVisualStudioVersion = 10.0.40219.1
Project("{FAE04EC0-301F-11D3-BF4B-00C04F79EFBC}") = "gol", "gol.csproj", "{54BBF0F1-2E43-4522-8463-6569C2AC1DC7}"
EndProject
Global
	GlobalSection(SolutionConfigurationPlatforms) = preSolution
		Debug|Any CPU = Debug|Any CPU
		Release|Any CPU = Release|Any CPU
	EndGlobalSection
	GlobalSection(ProjectConfigurationPlatforms) = postSolution
		{54BBF0F1-2E43-4522-8463-6569C2AC1DC7}.Debug|Any CPU.ActiveCfg = Debug|Any CPU
		{54BBF0F1-2E43-4522-8463-6569C2AC1DC7}.Debug|Any CPU.Build.0 = Debug|Any CPU
		{54BBF0F1-2E43-4522-8463-6569C2AC1DC7}.Release|Any CPU.ActiveCfg = Release|Any CPU
		{54BBF0F1-2E43-4522-8463-6569C2AC1DC7}.Release|Any CPU.Build.0 = Release|Any CPU
	EndGlobalSection
	GlobalSection(SolutionProperties) = preSolution
		HideSolutionNode = FALSE
	EndGlobalSection
	GlobalSection(ExtensibilityGlobals) = postSolution
		SolutionGuid = {F667751C-3286-4606-87CD-A12F799E2821}
	EndGlobalSection
EndGlobal
